
Microsoft Visual Studio Solution File, Format Version 12.00
# Visual Studio Version 17
VisualStudioVersion = 17.1.32228.430
MinimumVisualStudioVersion = 10.0.40219.1
Project("{FAE04EC0-301F-11D3-BF4B-00C04F79EFBC}") = "MoocDownloader", "src\MoocDownloader\MoocDownloader.csproj", "{EF7803DA-A674-4F46-83CD-CD62CBA1F849}"
EndProject
Global
	GlobalSection(SolutionConfigurationPlatforms) = preSolution
		Debug|Any CPU = Debug|Any CPU
		Release|Any CPU = Release|Any CPU
	EndGlobalSection
	GlobalSection(ProjectConfigurationPlatforms) = postSolution
		{EF7803DA-A674-4F46-83CD-CD62CBA1F849}.Debug|Any CPU.ActiveCfg = Debug|Any CPU
		{EF7803DA-A674-4F46-83CD-CD62CBA1F849}.Debug|Any CPU.Build.0 = Debug|Any CPU
		{EF7803DA-A674-4F46-83CD-CD62CBA1F849}.Release|Any CPU.ActiveCfg = Release|Any CPU
		{EF7803DA-A674-4F46-83CD-CD62CBA1F849}.Release|Any CPU.Build.0 = Release|Any CPU
	EndGlobalSection
	GlobalSection(SolutionProperties) = preSolution
		HideSolutionNode = FALSE
	EndGlobalSection
	GlobalSection(ExtensibilityGlobals) = postSolution
		SolutionGuid = {D666B3DA-8440-4F27-B100-CF4B3B607818}
	EndGlobalSection
EndGlobal
