
Microsoft Visual Studio Solution File, Format Version 12.00
# Visual Studio Version 16
VisualStudioVersion = 16.0.30320.27
MinimumVisualStudioVersion = 10.0.40219.1
Project("{FAE04EC0-301F-11D3-BF4B-00C04F79EFBC}") = "MoocDownloader.App", "MoocDownloader.App\MoocDownloader.App.csproj", "{7EF0A0AC-C4B7-4523-87B4-20BE5AF2A686}"
EndProject
Global
	GlobalSection(SolutionConfigurationPlatforms) = preSolution
		Debug|Any CPU = Debug|Any CPU
		Debug|x64 = Debug|x64
		Release|Any CPU = Release|Any CPU
		Release|x64 = Release|x64
	EndGlobalSection
	GlobalSection(ProjectConfigurationPlatforms) = postSolution
		{7EF0A0AC-C4B7-4523-87B4-20BE5AF2A686}.Debug|Any CPU.ActiveCfg = Debug|Any CPU
		{7EF0A0AC-C4B7-4523-87B4-20BE5AF2A686}.Debug|Any CPU.Build.0 = Debug|Any CPU
		{7EF0A0AC-C4B7-4523-87B4-20BE5AF2A686}.Debug|x64.ActiveCfg = Debug|x64
		{7EF0A0AC-C4B7-4523-87B4-20BE5AF2A686}.Debug|x64.Build.0 = Debug|x64
		{7EF0A0AC-C4B7-4523-87B4-20BE5AF2A686}.Release|Any CPU.ActiveCfg = Release|Any CPU
		{7EF0A0AC-C4B7-4523-87B4-20BE5AF2A686}.Release|Any CPU.Build.0 = Release|Any CPU
		{7EF0A0AC-C4B7-4523-87B4-20BE5AF2A686}.Release|x64.ActiveCfg = Release|x64
		{7EF0A0AC-C4B7-4523-87B4-20BE5AF2A686}.Release|x64.Build.0 = Release|x64
	EndGlobalSection
	GlobalSection(SolutionProperties) = preSolution
		HideSolutionNode = FALSE
	EndGlobalSection
	GlobalSection(ExtensibilityGlobals) = postSolution
		SolutionGuid = {8F0E3250-1E5A-423B-888F-1C38D4125AF8}
	EndGlobalSection
EndGlobal
